
Microsoft Visual Studio Solution File, Format Version 12.00
# Visual Studio Version 17
VisualStudioVersion = 17.1.32210.238
MinimumVisualStudioVersion = 10.0.40219.1
Project("{FAE04EC0-301F-11D3-BF4B-00C04F79EFBC}") = "STTMapping.Server", "STTMapping\Server\STTMapping.Server.csproj", "{7E15D7AA-541F-4648-A681-7DB0997B41A6}"
EndProject
Project("{FAE04EC0-301F-11D3-BF4B-00C04F79EFBC}") = "STTMapping.Client", "STTMapping\Client\STTMapping.Client.csproj", "{12416218-CBF7-42D2-9201-8D0C322A2E8C}"
EndProject
Project("{FAE04EC0-301F-11D3-BF4B-00C04F79EFBC}") = "STTMapping.Shared", "STTMapping\Shared\STTMapping.Shared.csproj", "{383078FF-B155-48A4-9931-8D1FE071BEFA}"
EndProject
Global
	GlobalSection(SolutionConfigurationPlatforms) = preSolution
		Debug|Any CPU = Debug|Any CPU
		Release|Any CPU = Release|Any CPU
	EndGlobalSection
	GlobalSection(ProjectConfigurationPlatforms) = postSolution
		{7E15D7AA-541F-4648-A681-7DB0997B41A6}.Debug|Any CPU.ActiveCfg = Debug|Any CPU
		{7E15D7AA-541F-4648-A681-7DB0997B41A6}.Debug|Any CPU.Build.0 = Debug|Any CPU
		{7E15D7AA-541F-4648-A681-7DB0997B41A6}.Release|Any CPU.ActiveCfg = Release|Any CPU
		{7E15D7AA-541F-4648-A681-7DB0997B41A6}.Release|Any CPU.Build.0 = Release|Any CPU
		{12416218-CBF7-42D2-9201-8D0C322A2E8C}.Debug|Any CPU.ActiveCfg = Debug|Any CPU
		{12416218-CBF7-42D2-9201-8D0C322A2E8C}.Debug|Any CPU.Build.0 = Debug|Any CPU
		{12416218-CBF7-42D2-9201-8D0C322A2E8C}.Release|Any CPU.ActiveCfg = Release|Any CPU
		{12416218-CBF7-42D2-9201-8D0C322A2E8C}.Release|Any CPU.Build.0 = Release|Any CPU
		{383078FF-B155-48A4-9931-8D1FE071BEFA}.Debug|Any CPU.ActiveCfg = Debug|Any CPU
		{383078FF-B155-48A4-9931-8D1FE071BEFA}.Debug|Any CPU.Build.0 = Debug|Any CPU
		{383078FF-B155-48A4-9931-8D1FE071BEFA}.Release|Any CPU.ActiveCfg = Release|Any CPU
		{383078FF-B155-48A4-9931-8D1FE071BEFA}.Release|Any CPU.Build.0 = Release|Any CPU
	EndGlobalSection
	GlobalSection(SolutionProperties) = preSolution
		HideSolutionNode = FALSE
	EndGlobalSection
	GlobalSection(ExtensibilityGlobals) = postSolution
		SolutionGuid = {5ECF0781-850C-4328-9E0B-27D05B292ABB}
	EndGlobalSection
EndGlobal
